
Microsoft Visual Studio Solution File, Format Version 12.00
# Visual Studio Version 17
VisualStudioVersion = 17.1.32228.430
MinimumVisualStudioVersion = 10.0.40219.1
Project("{FAE04EC0-301F-11D3-BF4B-00C04F79EFBC}") = "Linked-Lists-insertions", "Linked-Lists-insertions.csproj", "{67AE3615-13F4-4F38-93F6-1A39105D8472}"
EndProject
Project("{FAE04EC0-301F-11D3-BF4B-00C04F79EFBC}") = "TestProject1", "..\TestProject1\TestProject1.csproj", "{FA052E89-8E91-4A68-B852-AB13E199AAFA}"
EndProject
Global
	GlobalSection(SolutionConfigurationPlatforms) = preSolution
		Debug|Any CPU = Debug|Any CPU
		Release|Any CPU = Release|Any CPU
	EndGlobalSection
	GlobalSection(ProjectConfigurationPlatforms) = postSolution
		{67AE3615-13F4-4F38-93F6-1A39105D8472}.Debug|Any CPU.ActiveCfg = Debug|Any CPU
		{67AE3615-13F4-4F38-93F6-1A39105D8472}.Debug|Any CPU.Build.0 = Debug|Any CPU
		{67AE3615-13F4-4F38-93F6-1A39105D8472}.Release|Any CPU.ActiveCfg = Release|Any CPU
		{67AE3615-13F4-4F38-93F6-1A39105D8472}.Release|Any CPU.Build.0 = Release|Any CPU
		{FA052E89-8E91-4A68-B852-AB13E199AAFA}.Debug|Any CPU.ActiveCfg = Debug|Any CPU
		{FA052E89-8E91-4A68-B852-AB13E199AAFA}.Debug|Any CPU.Build.0 = Debug|Any CPU
		{FA052E89-8E91-4A68-B852-AB13E199AAFA}.Release|Any CPU.ActiveCfg = Release|Any CPU
		{FA052E89-8E91-4A68-B852-AB13E199AAFA}.Release|Any CPU.Build.0 = Release|Any CPU
	EndGlobalSection
	GlobalSection(SolutionProperties) = preSolution
		HideSolutionNode = FALSE
	EndGlobalSection
	GlobalSection(ExtensibilityGlobals) = postSolution
		SolutionGuid = {626DD1D5-7C32-45DB-865D-90C68C81C9DA}
	EndGlobalSection
EndGlobal
